// !$*UTF8*$!
{
	archiveVersion = 1;
	classes = {
	};
	objectVersion = 50;
	objects = {

/* Begin PBXBuildFile section */
		8B1956BC253A286C0036BE47 /* AppDelegate.swift in Sources */ = {isa = PBXBuildFile; fileRef = 8B1956BB253A286C0036BE47 /* AppDelegate.swift */; };
		8B1956BE253A286C0036BE47 /* SceneDelegate.swift in Sources */ = {isa = PBXBuildFile; fileRef = 8B1956BD253A286C0036BE47 /* SceneDelegate.swift */; };
		8B1956C0253A286C0036BE47 /* ViewController.swift in Sources */ = {isa = PBXBuildFile; fileRef = 8B1956BF253A286C0036BE47 /* ViewController.swift */; };
		8B1956C3253A286C0036BE47 /* Main.storyboard in Resources */ = {isa = PBXBuildFile; fileRef = 8B1956C1253A286C0036BE47 /* Main.storyboard */; };
		8B1956C5253A286E0036BE47 /* Assets.xcassets in Resources */ = {isa = PBXBuildFile; fileRef = 8B1956C4253A286E0036BE47 /* Assets.xcassets */; };
		8B1956C8253A286E0036BE47 /* LaunchScreen.storyboard in Resources */ = {isa = PBXBuildFile; fileRef = 8B1956C6253A286E0036BE47 /* LaunchScreen.storyboard */; };
		8B1956D3253A286E0036BE47 /* SampleTests.swift in Sources */ = {isa = PBXBuildFile; fileRef = 8B1956D2253A286E0036BE47 /* SampleTests.swift */; };
		8B1956DE253A286E0036BE47 /* SampleUITests.swift in Sources */ = {isa = PBXBuildFile; fileRef = 8B1956DD253A286E0036BE47 /* SampleUITests.swift */; };
		8B1956EF253AD9100036BE47 /* PaymentTableViewCell.swift in Sources */ = {isa = PBXBuildFile; fileRef = 8B1956ED253AD9100036BE47 /* PaymentTableViewCell.swift */; };
		8B1956F0253AD9100036BE47 /* PaymentTableViewCell.xib in Resources */ = {isa = PBXBuildFile; fileRef = 8B1956EE253AD9100036BE47 /* PaymentTableViewCell.xib */; };
/* End PBXBuildFile section */

/* Begin PBXContainerItemProxy section */
		8B1956CF253A286E0036BE47 /* PBXContainerItemProxy */ = {
			isa = PBXContainerItemProxy;
			containerPortal = 8B1956B0253A286C0036BE47 /* Project object */;
			proxyType = 1;
			remoteGlobalIDString = 8B1956B7253A286C0036BE47;
			remoteInfo = Sample;
		};
		8B1956DA253A286E0036BE47 /* PBXContainerItemProxy */ = {
			isa = PBXContainerItemProxy;
			containerPortal = 8B1956B0253A286C0036BE47 /* Project object */;
			proxyType = 1;
			remoteGlobalIDString = 8B1956B7253A286C0036BE47;
			remoteInfo = Sample;
		};
/* End PBXContainerItemProxy section */

/* Begin PBXFileReference section */
		8B1956B8253A286C0036BE47 /* Sample.app */ = {isa = PBXFileReference; explicitFileType = wrapper.application; includeInIndex = 0; path = Sample.app; sourceTree = BUILT_PRODUCTS_DIR; };
		8B1956BB253A286C0036BE47 /* AppDelegate.swift */ = {isa = PBXFileReference; lastKnownFileType = sourcecode.swift; path = AppDelegate.swift; sourceTree = "<group>"; };
		8B1956BD253A286C0036BE47 /* SceneDelegate.swift */ = {isa = PBXFileReference; lastKnownFileType = sourcecode.swift; path = SceneDelegate.swift; sourceTree = "<group>"; };
		8B1956BF253A286C0036BE47 /* ViewController.swift */ = {isa = PBXFileReference; lastKnownFileType = sourcecode.swift; path = ViewController.swift; sourceTree = "<group>"; };
		8B1956C2253A286C0036BE47 /* Base */ = {isa = PBXFileReference; lastKnownFileType = file.storyboard; name = Base; path = Base.lproj/Main.storyboard; sourceTree = "<group>"; };
		8B1956C4253A286E0036BE47 /* Assets.xcassets */ = {isa = PBXFileReference; lastKnownFileType = folder.assetcatalog; path = Assets.xcassets; sourceTree = "<group>"; };
		8B1956C7253A286E0036BE47 /* Base */ = {isa = PBXFileReference; lastKnownFileType = file.storyboard; name = Base; path = Base.lproj/LaunchScreen.storyboard; sourceTree = "<group>"; };
		8B1956C9253A286E0036BE47 /* Info.plist */ = {isa = PBXFileReference; lastKnownFileType = text.plist.xml; path = Info.plist; sourceTree = "<group>"; };
		8B1956CE253A286E0036BE47 /* SampleTests.xctest */ = {isa = PBXFileReference; explicitFileType = wrapper.cfbundle; includeInIndex = 0; path = SampleTests.xctest; sourceTree = BUILT_PRODUCTS_DIR; };
		8B1956D2253A286E0036BE47 /* SampleTests.swift */ = {isa = PBXFileReference; lastKnownFileType = sourcecode.swift; path = SampleTests.swift; sourceTree = "<group>"; };
		8B1956D4253A286E0036BE47 /* Info.plist */ = {isa = PBXFileReference; lastKnownFileType = text.plist.xml; path = Info.plist; sourceTree = "<group>"; };
		8B1956D9253A286E0036BE47 /* SampleUITests.xctest */ = {isa = PBXFileReference; explicitFileType = wrapper.cfbundle; includeInIndex = 0; path = SampleUITests.xctest; sourceTree = BUILT_PRODUCTS_DIR; };
		8B1956DD253A286E0036BE47 /* SampleUITests.swift */ = {isa = PBXFileReference; lastKnownFileType = sourcecode.swift; path = SampleUITests.swift; sourceTree = "<group>"; };
		8B1956DF253A286E0036BE47 /* Info.plist */ = {isa = PBXFileReference; lastKnownFileType = text.plist.xml; path = Info.plist; sourceTree = "<group>"; };
		8B1956ED253AD9100036BE47 /* PaymentTableViewCell.swift */ = {isa = PBXFileReference; lastKnownFileType = sourcecode.swift; path = PaymentTableViewCell.swift; sourceTree = "<group>"; };
		8B1956EE253AD9100036BE47 /* PaymentTableViewCell.xib */ = {isa = PBXFileReference; lastKnownFileType = file.xib; path = PaymentTableViewCell.xib; sourceTree = "<group>"; };
/* End PBXFileReference section */

/* Begin PBXFrameworksBuildPhase section */
		8B1956B5253A286C0036BE47 /* Frameworks */ = {
			isa = PBXFrameworksBuildPhase;
			buildActionMask = 2147483647;
			files = (
			);
			runOnlyForDeploymentPostprocessing = 0;
		};
		8B1956CB253A286E0036BE47 /* Frameworks */ = {
			isa = PBXFrameworksBuildPhase;
			buildActionMask = 2147483647;
			files = (
			);
			runOnlyForDeploymentPostprocessing = 0;
		};
		8B1956D6253A286E0036BE47 /* Frameworks */ = {
			isa = PBXFrameworksBuildPhase;
			buildActionMask = 2147483647;
			files = (
			);
			runOnlyForDeploymentPostprocessing = 0;
		};
/* End PBXFrameworksBuildPhase section */

/* Begin PBXGroup section */
		8B1956AF253A286C0036BE47 = {
			isa = PBXGroup;
			children = (
				8B1956BA253A286C0036BE47 /* Sample */,
				8B1956D1253A286E0036BE47 /* SampleTests */,
				8B1956DC253A286E0036BE47 /* SampleUITests */,
				8B1956B9253A286C0036BE47 /* Products */,
			);
			sourceTree = "<group>";
		};
		8B1956B9253A286C0036BE47 /* Products */ = {
			isa = PBXGroup;
			children = (
				8B1956B8253A286C0036BE47 /* Sample.app */,
				8B1956CE253A286E0036BE47 /* SampleTests.xctest */,
				8B1956D9253A286E0036BE47 /* SampleUITests.xctest */,
			);
			name = Products;
			sourceTree = "<group>";
		};
		8B1956BA253A286C0036BE47 /* Sample */ = {
			isa = PBXGroup;
			children = (
				8B1956BB253A286C0036BE47 /* AppDelegate.swift */,
				8B1956BD253A286C0036BE47 /* SceneDelegate.swift */,
				8B1956BF253A286C0036BE47 /* ViewController.swift */,
				8B1956ED253AD9100036BE47 /* PaymentTableViewCell.swift */,
				8B1956EE253AD9100036BE47 /* PaymentTableViewCell.xib */,
				8B1956C1253A286C0036BE47 /* Main.storyboard */,
				8B1956C4253A286E0036BE47 /* Assets.xcassets */,
				8B1956C6253A286E0036BE47 /* LaunchScreen.storyboard */,
				8B1956C9253A286E0036BE47 /* Info.plist */,
			);
			path = Sample;
			sourceTree = "<group>";
		};
		8B1956D1253A286E0036BE47 /* SampleTests */ = {
			isa = PBXGroup;
			children = (
				8B1956D2253A286E0036BE47 /* SampleTests.swift */,
				8B1956D4253A286E0036BE47 /* Info.plist */,
			);
			path = SampleTests;
			sourceTree = "<group>";
		};
		8B1956DC253A286E0036BE47 /* SampleUITests */ = {
			isa = PBXGroup;
			children = (
				8B1956DD253A286E0036BE47 /* SampleUITests.swift */,
				8B1956DF253A286E0036BE47 /* Info.plist */,
			);
			path = SampleUITests;
			sourceTree = "<group>";
		};
/* End PBXGroup section */

/* Begin PBXNativeTarget section */
		8B1956B7253A286C0036BE47 /* Sample */ = {
			isa = PBXNativeTarget;
			buildConfigurationList = 8B1956E2253A286E0036BE47 /* Build configuration list for PBXNativeTarget "Sample" */;
			buildPhases = (
				8B1956B4253A286C0036BE47 /* Sources */,
				8B1956B5253A286C0036BE47 /* Frameworks */,
				8B1956B6253A286C0036BE47 /* Resources */,
			);
			buildRules = (
			);
			dependencies = (
			);
			name = Sample;
			productName = Sample;
			productReference = 8B1956B8253A286C0036BE47 /* Sample.app */;
			productType = "com.apple.product-type.application";
		};
		8B1956CD253A286E0036BE47 /* SampleTests */ = {
			isa = PBXNativeTarget;
			buildConfigurationList = 8B1956E5253A286E0036BE47 /* Build configuration list for PBXNativeTarget "SampleTests" */;
			buildPhases = (
				8B1956CA253A286E0036BE47 /* Sources */,
				8B1956CB253A286E0036BE47 /* Frameworks */,
				8B1956CC253A286E0036BE47 /* Resources */,
			);
			buildRules = (
			);
			dependencies = (
				8B1956D0253A286E0036BE47 /* PBXTargetDependency */,
			);
			name = SampleTests;
			productName = SampleTests;
			productReference = 8B1956CE253A286E0036BE47 /* SampleTests.xctest */;
			productType = "com.apple.product-type.bundle.unit-test";
		};
		8B1956D8253A286E0036BE47 /* SampleUITests */ = {
			isa = PBXNativeTarget;
			buildConfigurationList = 8B1956E8253A286E0036BE47 /* Build configuration list for PBXNativeTarget "SampleUITests" */;
			buildPhases = (
				8B1956D5253A286E0036BE47 /* Sources */,
				8B1956D6253A286E0036BE47 /* Frameworks */,
				8B1956D7253A286E0036BE47 /* Resources */,
			);
			buildRules = (
			);
			dependencies = (
				8B1956DB253A286E0036BE47 /* PBXTargetDependency */,
			);
			name = SampleUITests;
			productName = SampleUITests;
			productReference = 8B1956D9253A286E0036BE47 /* SampleUITests.xctest */;
			productType = "com.apple.product-type.bundle.ui-testing";
		};
/* End PBXNativeTarget section */

/* Begin PBXProject section */
		8B1956B0253A286C0036BE47 /* Project object */ = {
			isa = PBXProject;
			attributes = {
				LastSwiftUpdateCheck = 1130;
				LastUpgradeCheck = 1130;
				ORGANIZATIONNAME = developer;
				TargetAttributes = {
					8B1956B7253A286C0036BE47 = {
						CreatedOnToolsVersion = 11.3;
					};
					8B1956CD253A286E0036BE47 = {
						CreatedOnToolsVersion = 11.3;
						TestTargetID = 8B1956B7253A286C0036BE47;
					};
					8B1956D8253A286E0036BE47 = {
						CreatedOnToolsVersion = 11.3;
						TestTargetID = 8B1956B7253A286C0036BE47;
					};
				};
			};
			buildConfigurationList = 8B1956B3253A286C0036BE47 /* Build configuration list for PBXProject "Sample" */;
			compatibilityVersion = "Xcode 9.3";
			developmentRegion = en;
			hasScannedForEncodings = 0;
			knownRegions = (
				en,
				Base,
			);
			mainGroup = 8B1956AF253A286C0036BE47;
			productRefGroup = 8B1956B9253A286C0036BE47 /* Products */;
			projectDirPath = "";
			projectRoot = "";
			targets = (
				8B1956B7253A286C0036BE47 /* Sample */,
				8B1956CD253A286E0036BE47 /* SampleTests */,
				8B1956D8253A286E0036BE47 /* SampleUITests */,
			);
		};
/* End PBXProject section */

/* Begin PBXResourcesBuildPhase section */
		8B1956B6253A286C0036BE47 /* Resources */ = {
			isa = PBXResourcesBuildPhase;
			buildActionMask = 2147483647;
			files = (
				8B1956C8253A286E0036BE47 /* LaunchScreen.storyboard in Resources */,
				8B1956C5253A286E0036BE47 /* Assets.xcassets in Resources */,
				8B1956F0253AD9100036BE47 /* PaymentTableViewCell.xib in Resources */,
				8B1956C3253A286C0036BE47 /* Main.storyboard in Resources */,
			);
			runOnlyForDeploymentPostprocessing = 0;
		};
		8B1956CC253A286E0036BE47 /* Resources */ = {
			isa = PBXResourcesBuildPhase;
			buildActionMask = 2147483647;
			files = (
			);
			runOnlyForDeploymentPostprocessing = 0;
		};
		8B1956D7253A286E0036BE47 /* Resources */ = {
			isa = PBXResourcesBuildPhase;
			buildActionMask = 2147483647;
			files = (
			);
			runOnlyForDeploymentPostprocessing = 0;
		};
/* End PBXResourcesBuildPhase section */

/* Begin PBXSourcesBuildPhase section */
		8B1956B4253A286C0036BE47 /* Sources */ = {
			isa = PBXSourcesBuildPhase;
			buildActionMask = 2147483647;
			files = (
				8B1956C0253A286C0036BE47 /* ViewController.swift in Sources */,
				8B1956BC253A286C0036BE47 /* AppDelegate.swift in Sources */,
				8B1956EF253AD9100036BE47 /* PaymentTableViewCell.swift in Sources */,
				8B1956BE253A286C0036BE47 /* SceneDelegate.swift in Sources */,
			);
			runOnlyForDeploymentPostprocessing = 0;
		};
		8B1956CA253A286E0036BE47 /* Sources */ = {
			isa = PBXSourcesBuildPhase;
			buildActionMask = 2147483647;
			files = (
				8B1956D3253A286E0036BE47 /* SampleTests.swift in Sources */,
			);
			runOnlyForDeploymentPostprocessing = 0;
		};
		8B1956D5253A286E0036BE47 /* Sources */ = {
			isa = PBXSourcesBuildPhase;
			buildActionMask = 2147483647;
			files = (
				8B1956DE253A286E0036BE47 /* SampleUITests.swift in Sources */,
			);
			runOnlyForDeploymentPostprocessing = 0;
		};
/* End PBXSourcesBuildPhase section */

/* Begin PBXTargetDependency section */
		8B1956D0253A286E0036BE47 /* PBXTargetDependency */ = {
			isa = PBXTargetDependency;
			target = 8B1956B7253A286C0036BE47 /* Sample */;
			targetProxy = 8B1956CF253A286E0036BE47 /* PBXContainerItemProxy */;
		};
		8B1956DB253A286E0036BE47 /* PBXTargetDependency */ = {
			isa = PBXTargetDependency;
			target = 8B1956B7253A286C0036BE47 /* Sample */;
			targetProxy = 8B1956DA253A286E0036BE47 /* PBXContainerItemProxy */;
		};
/* End PBXTargetDependency section */

/* Begin PBXVariantGroup section */
		8B1956C1253A286C0036BE47 /* Main.storyboard */ = {
			isa = PBXVariantGroup;
			children = (
				8B1956C2253A286C0036BE47 /* Base */,
			);
			name = Main.storyboard;
			sourceTree = "<group>";
		};
		8B1956C6253A286E0036BE47 /* LaunchScreen.storyboard */ = {
			isa = PBXVariantGroup;
			children = (
				8B1956C7253A286E0036BE47 /* Base */,
			);
			name = LaunchScreen.storyboard;
			sourceTree = "<group>";
		};
/* End PBXVariantGroup section */

/* Begin XCBuildConfiguration section */
		8B1956E0253A286E0036BE47 /* Debug */ = {
			isa = XCBuildConfiguration;
			buildSettings = {
				ALWAYS_SEARCH_USER_PATHS = NO;
				CLANG_ANALYZER_NONNULL = YES;
				CLANG_ANALYZER_NUMBER_OBJECT_CONVERSION = YES_AGGRESSIVE;
				CLANG_CXX_LANGUAGE_STANDARD = "gnu++14";
				CLANG_CXX_LIBRARY = "libc++";
				CLANG_ENABLE_MODULES = YES;
				CLANG_ENABLE_OBJC_ARC = YES;
				CLANG_ENABLE_OBJC_WEAK = YES;
				CLANG_WARN_BLOCK_CAPTURE_AUTORELEASING = YES;
				CLANG_WARN_BOOL_CONVERSION = YES;
				CLANG_WARN_COMMA = YES;
				CLANG_WARN_CONSTANT_CONVERSION = YES;
				CLANG_WARN_DEPRECATED_OBJC_IMPLEMENTATIONS = YES;
				CLANG_WARN_DIRECT_OBJC_ISA_USAGE = YES_ERROR;
				CLANG_WARN_DOCUMENTATION_COMMENTS = YES;
				CLANG_WARN_EMPTY_BODY = YES;
				CLANG_WARN_ENUM_CONVERSION = YES;
				CLANG_WARN_INFINITE_RECURSION = YES;
				CLANG_WARN_INT_CONVERSION = YES;
				CLANG_WARN_NON_LITERAL_NULL_CONVERSION = YES;
				CLANG_WARN_OBJC_IMPLICIT_RETAIN_SELF = YES;
				CLANG_WARN_OBJC_LITERAL_CONVERSION = YES;
				CLANG_WARN_OBJC_ROOT_CLASS = YES_ERROR;
				CLANG_WARN_RANGE_LOOP_ANALYSIS = YES;
				CLANG_WARN_STRICT_PROTOTYPES = YES;
				CLANG_WARN_SUSPICIOUS_MOVE = YES;
				CLANG_WARN_UNGUARDED_AVAILABILITY = YES_AGGRESSIVE;
				CLANG_WARN_UNREACHABLE_CODE = YES;
				CLANG_WARN__DUPLICATE_METHOD_MATCH = YES;
				COPY_PHASE_STRIP = NO;
				DEBUG_INFORMATION_FORMAT = dwarf;
				ENABLE_STRICT_OBJC_MSGSEND = YES;
				ENABLE_TESTABILITY = YES;
				GCC_C_LANGUAGE_STANDARD = gnu11;
				GCC_DYNAMIC_NO_PIC = NO;
				GCC_NO_COMMON_BLOCKS = YES;
				GCC_OPTIMIZATION_LEVEL = 0;
				GCC_PREPROCESSOR_DEFINITIONS = (
					"DEBUG=1",
					"$(inherited)",
				);
				GCC_WARN_64_TO_32_BIT_CONVERSION = YES;
				GCC_WARN_ABOUT_RETURN_TYPE = YES_ERROR;
				GCC_WARN_UNDECLARED_SELECTOR = YES;
				GCC_WARN_UNINITIALIZED_AUTOS = YES_AGGRESSIVE;
				GCC_WARN_UNUSED_FUNCTION = YES;
				GCC_WARN_UNUSED_VARIABLE = YES;
				IPHONEOS_DEPLOYMENT_TARGET = 13.2;
				MTL_ENABLE_DEBUG_INFO = INCLUDE_SOURCE;
				MTL_FAST_MATH = YES;
				ONLY_ACTIVE_ARCH = YES;
				SDKROOT = iphoneos;
				SWIFT_ACTIVE_COMPILATION_CONDITIONS = DEBUG;
				SWIFT_OPTIMIZATION_LEVEL = "-Onone";
			};
			name = Debug;
		};
		8B1956E1253A286E0036BE47 /* Release */ = {
			isa = XCBuildConfiguration;
			buildSettings = {
				ALWAYS_SEARCH_USER_PATHS = NO;
				CLANG_ANALYZER_NONNULL = YES;
				CLANG_ANALYZER_NUMBER_OBJECT_CONVERSION = YES_AGGRESSIVE;
				CLANG_CXX_LANGUAGE_STANDARD = "gnu++14";
				CLANG_CXX_LIBRARY = "libc++";
				CLANG_ENABLE_MODULES = YES;
				CLANG_ENABLE_OBJC_ARC = YES;
				CLANG_ENABLE_OBJC_WEAK = YES;
				CLANG_WARN_BLOCK_CAPTURE_AUTORELEASING = YES;
				CLANG_WARN_BOOL_CONVERSION = YES;
				CLANG_WARN_COMMA = YES;
				CLANG_WARN_CONSTANT_CONVERSION = YES;
				CLANG_WARN_DEPRECATED_OBJC_IMPLEMENTATIONS = YES;
				CLANG_WARN_DIRECT_OBJC_ISA_USAGE = YES_ERROR;
				CLANG_WARN_DOCUMENTATION_COMMENTS = YES;
				CLANG_WARN_EMPTY_BODY = YES;
				CLANG_WARN_ENUM_CONVERSION = YES;
				CLANG_WARN_INFINITE_RECURSION = YES;
				CLANG_WARN_INT_CONVERSION = YES;
				CLANG_WARN_NON_LITERAL_NULL_CONVERSION = YES;
				CLANG_WARN_OBJC_IMPLICIT_RETAIN_SELF = YES;
				CLANG_WARN_OBJC_LITERAL_CONVERSION = YES;
				CLANG_WARN_OBJC_ROOT_CLASS = YES_ERROR;
				CLANG_WARN_RANGE_LOOP_ANALYSIS = YES;
				CLANG_WARN_STRICT_PROTOTYPES = YES;
				CLANG_WARN_SUSPICIOUS_MOVE = YES;
				CLANG_WARN_UNGUARDED_AVAILABILITY = YES_AGGRESSIVE;
				CLANG_WARN_UNREACHABLE_CODE = YES;
				CLANG_WARN__DUPLICATE_METHOD_MATCH = YES;
				COPY_PHASE_STRIP = NO;
				DEBUG_INFORMATION_FORMAT = "dwarf-with-dsym";
				ENABLE_NS_ASSERTIONS = NO;
				ENABLE_STRICT_OBJC_MSGSEND = YES;
				GCC_C_LANGUAGE_STANDARD = gnu11;
				GCC_NO_COMMON_BLOCKS = YES;
				GCC_WARN_64_TO_32_BIT_CONVERSION = YES;
				GCC_WARN_ABOUT_RETURN_TYPE = YES_ERROR;
				GCC_WARN_UNDECLARED_SELECTOR = YES;
				GCC_WARN_UNINITIALIZED_AUTOS = YES_AGGRESSIVE;
				GCC_WARN_UNUSED_FUNCTION = YES;
				GCC_WARN_UNUSED_VARIABLE = YES;
				IPHONEOS_DEPLOYMENT_TARGET = 13.2;
				MTL_ENABLE_DEBUG_INFO = NO;
				MTL_FAST_MATH = YES;
				SDKROOT = iphoneos;
				SWIFT_COMPILATION_MODE = wholemodule;
				SWIFT_OPTIMIZATION_LEVEL = "-O";
				VALIDATE_PRODUCT = YES;
			};
			name = Release;
		};
		8B1956E3253A286E0036BE47 /* Debug */ = {
			isa = XCBuildConfiguration;
			buildSettings = {
				ASSETCATALOG_COMPILER_APPICON_NAME = AppIcon;
				CODE_SIGN_STYLE = Automatic;
				DEVELOPMENT_TEAM = 7C6ATSKY8Y;
				INFOPLIST_FILE = Sample/Info.plist;
				LD_RUNPATH_SEARCH_PATHS = (
					"$(inherited)",
					"@executable_path/Frameworks",
				);
				PRODUCT_BUNDLE_IDENTIFIER = com.test.Sample;
				PRODUCT_NAME = "$(TARGET_NAME)";
				SWIFT_VERSION = 5.0;
				TARGETED_DEVICE_FAMILY = "1,2";
			};
			name = Debug;
		};
		8B1956E4253A286E0036BE47 /* Release */ = {
			isa = XCBuildConfiguration;
			buildSettings = {
				ASSETCATALOG_COMPILER_APPICON_NAME = AppIcon;
				CODE_SIGN_STYLE = Automatic;
				DEVELOPMENT_TEAM = 7C6ATSKY8Y;
				INFOPLIST_FILE = Sample/Info.plist;
				LD_RUNPATH_SEARCH_PATHS = (
					"$(inherited)",
					"@executable_path/Frameworks",
				);
				PRODUCT_BUNDLE_IDENTIFIER = com.test.Sample;
				PRODUCT_NAME = "$(TARGET_NAME)";
				SWIFT_VERSION = 5.0;
				TARGETED_DEVICE_FAMILY = "1,2";
			};
			name = Release;
		};
		8B1956E6253A286E0036BE47 /* Debug */ = {
			isa = XCBuildConfiguration;
			buildSettings = {
				ALWAYS_EMBED_SWIFT_STANDARD_LIBRARIES = YES;
				BUNDLE_LOADER = "$(TEST_HOST)";
				CODE_SIGN_STYLE = Automatic;
				DEVELOPMENT_TEAM = 7C6ATSKY8Y;
				INFOPLIST_FILE = SampleTests/Info.plist;
				IPHONEOS_DEPLOYMENT_TARGET = 13.2;
				LD_RUNPATH_SEARCH_PATHS = (
					"$(inherited)",
					"@executable_path/Frameworks",
					"@loader_path/Frameworks",
				);
				PRODUCT_BUNDLE_IDENTIFIER = com.test.SampleTests;
				PRODUCT_NAME = "$(TARGET_NAME)";
				SWIFT_VERSION = 5.0;
				TARGETED_DEVICE_FAMILY = "1,2";
				TEST_HOST = "$(BUILT_PRODUCTS_DIR)/Sample.app/Sample";
			};
			name = Debug;
		};
		8B1956E7253A286E0036BE47 /* Release */ = {
			isa = XCBuildConfiguration;
			buildSettings = {
				ALWAYS_EMBED_SWIFT_STANDARD_LIBRARIES = YES;
				BUNDLE_LOADER = "$(TEST_HOST)";
				CODE_SIGN_STYLE = Automatic;
				DEVELOPMENT_TEAM = 7C6ATSKY8Y;
				INFOPLIST_FILE = SampleTests/Info.plist;
				IPHONEOS_DEPLOYMENT_TARGET = 13.2;
				LD_RUNPATH_SEARCH_PATHS = (
					"$(inherited)",
					"@executable_path/Frameworks",
					"@loader_path/Frameworks",
				);
				PRODUCT_BUNDLE_IDENTIFIER = com.test.SampleTests;
				PRODUCT_NAME = "$(TARGET_NAME)";
				SWIFT_VERSION = 5.0;
				TARGETED_DEVICE_FAMILY = "1,2";
				TEST_HOST = "$(BUILT_PRODUCTS_DIR)/Sample.app/Sample";
			};
			name = Release;
		};
		8B1956E9253A286E0036BE47 /* Debug */ = {
			isa = XCBuildConfiguration;
			buildSettings = {
				ALWAYS_EMBED_SWIFT_STANDARD_LIBRARIES = YES;
				CODE_SIGN_STYLE = Automatic;
				DEVELOPMENT_TEAM = 7C6ATSKY8Y;
				INFOPLIST_FILE = SampleUITests/Info.plist;
				LD_RUNPATH_SEARCH_PATHS = (
					"$(inherited)",
					"@executable_path/Frameworks",
					"@loader_path/Frameworks",
				);
				PRODUCT_BUNDLE_IDENTIFIER = com.test.SampleUITests;
				PRODUCT_NAME = "$(TARGET_NAME)";
				SWIFT_VERSION = 5.0;
				TARGETED_DEVICE_FAMILY = "1,2";
				TEST_TARGET_NAME = Sample;
			};
			name = Debug;
		};
		8B1956EA253A286E0036BE47 /* Release */ = {
			isa = XCBuildConfiguration;
			buildSettings = {
				ALWAYS_EMBED_SWIFT_STANDARD_LIBRARIES = YES;
				CODE_SIGN_STYLE = Automatic;
				DEVELOPMENT_TEAM = 7C6ATSKY8Y;
				INFOPLIST_FILE = SampleUITests/Info.plist;
				LD_RUNPATH_SEARCH_PATHS = (
					"$(inherited)",
					"@executable_path/Frameworks",
					"@loader_path/Frameworks",
				);
				PRODUCT_BUNDLE_IDENTIFIER = com.test.SampleUITests;
				PRODUCT_NAME = "$(TARGET_NAME)";
				SWIFT_VERSION = 5.0;
				TARGETED_DEVICE_FAMILY = "1,2";
				TEST_TARGET_NAME = Sample;
			};
			name = Release;
		};
/* End XCBuildConfiguration section */

/* Begin XCConfigurationList section */
		8B1956B3253A286C0036BE47 /* Build configuration list for PBXProject "Sample" */ = {
			isa = XCConfigurationList;
			buildConfigurations = (
				8B1956E0253A286E0036BE47 /* Debug */,
				8B1956E1253A286E0036BE47 /* Release */,
			);
			defaultConfigurationIsVisible = 0;
			defaultConfigurationName = Release;
		};
		8B1956E2253A286E0036BE47 /* Build configuration list for PBXNativeTarget "Sample" */ = {
			isa = XCConfigurationList;
			buildConfigurations = (
				8B1956E3253A286E0036BE47 /* Debug */,
				8B1956E4253A286E0036BE47 /* Release */,
			);
			defaultConfigurationIsVisible = 0;
			defaultConfigurationName = Release;
		};
		8B1956E5253A286E0036BE47 /* Build configuration list for PBXNativeTarget "SampleTests" */ = {
			isa = XCConfigurationList;
			buildConfigurations = (
				8B1956E6253A286E0036BE47 /* Debug */,
				8B1956E7253A286E0036BE47 /* Release */,
			);
			defaultConfigurationIsVisible = 0;
			defaultConfigurationName = Release;
		};
		8B1956E8253A286E0036BE47 /* Build configuration list for PBXNativeTarget "SampleUITests" */ = {
			isa = XCConfigurationList;
			buildConfigurations = (
				8B1956E9253A286E0036BE47 /* Debug */,
				8B1956EA253A286E0036BE47 /* Release */,
			);
			defaultConfigurationIsVisible = 0;
			defaultConfigurationName = Release;
		};
/* End XCConfigurationList section */
	};
	rootObject = 8B1956B0253A286C0036BE47 /* Project object */;
}
